github.com/davecgh/go-spew v1.1.1 h1:vj9j/u1bqnvCEfJOwUhtlOARqs3+rkHYY13jYWTU97c=
github.com/davecgh/go-spew v1.1.1/go.mod h1:J7Y8YcW2NihsgmVo/mv3lAwl/skON4iLHjSsI+c5H38=
github.com/jsightapi/datagram v0.0.0-20220623160954-98dd8ec27707 h1:DvpMxaeajafsBn3NVjcaloatbqupVaIdcV4y8KHunI8=
github.com/jsightapi/datagram v0.0.0-20220623160954-98dd8ec27707/go.mod h1:pBj2DBaAOdg5nWXc09jm6IUQnaE4iKMY1tvsx3RmchY=
github.com/jsightapi/jsight-api-core v0.1.2-0.20240401111634-106653ada5f9 h1:9kvHo3uoZVhkR5t9ewB6DRVkKZYtAFI7juJqRYayQc0=
github.com/jsightapi/jsight-api-core v0.1.2-0.20240401111634-106653ada5f9/go.mod h1:+U5lOlYFjAmbPbm+vao/mjQM6ggLzOzVRiOVO+ocVdw=
github.com/jsightapi/jsight-schema-core v0.1.2-0.20240320171149-9cac259a1713 h1:X3Dr2Y1a4qKeMTwJViJ7JSVD3MdAxlHMirG2CrYxdSM=
github.com/jsightapi/jsight-schema-core v0.1.2-0.20240320171149-9cac259a1713/go.mod h1:LARaGZOYbAnCd3Azckksdmb0gm8vUzJ94Kvg/JNOf1k=
github.com/lucasjones/reggen v0.0.0-20200904144131-37ba4fa293bb h1:w1g9wNDIE/pHSTmAaUhv4TZQuPBS6GV3mMz5hkgziIU=
github.com/lucasjones/reggen v0.0.0-20200904144131-37ba4fa293bb/go.mod h1:5ELEyG+X8f+meRWHuqUOewBOhvHkl7M76pdGEansxW4=
github.com/pmezard/go-difflib v1.0.0 h1:4DBwDE0NGyQoBHbLQYPwSUPoCMWR5BEzIk/f1lZbAQM=
github.com/pmezard/go-difflib v1.0.0/go.mod h1:iKH77koFhYxTK1pcRnkKkqfTogsbg7gZNVY4sRDYZ/4=
github.com/stretchr/objx v0.5.0 h1:1zr/of2m5FGMsad5YfcqgdqdWrIhu+EBEJRhR1U7z/c=
github.com/stretchr/testify v1.8.4 h1:CcVxjf3Q8PM0mHUKJCdn+eZZtm5yQwehR5yeSVQQcUk=
github.com/stretchr/testify v1.8.4/go.mod h1:sz/lmYIOXD/1dqDmKjjqLyZ2RngseejIcXlSw2iwfAo=
gopkg.in/check.v1 v0.0.0-20161208181325-20d25e280405 h1:yhCVgyC4o1eVCa2tZl7eS0r+SDo693bJlVdllGtEeKM=
gopkg.in/check.v1 v0.0.0-20161208181325-20d25e280405/go.mod h1:Co6ibVJAznAaIkqp8huTwlJQCZ016jof/cbN4VW5Yz0=
gopkg.in/yaml.v3 v3.0.1 h1:fxVm/GzAzEWqLHuvctI91KS9hhNmmWOoWu0XTYJS7CA=
gopkg.in/yaml.v3 v3.0.1/go.mod h1:K4uyk7z7BCEPqu6E+C64Yfv1cQ7kz7rIZviUmN+EgEM=
