github.com/davecgh/go-spew v1.1.0 h1:ZDRjVQ15GmhC3fiQ8ni8+OwkZQO4DARzQgrnXU1Liz8=
github.com/davecgh/go-spew v1.1.0/go.mod h1:J7Y8YcW2NihsgmVo/mv3lAwl/skON4iLHjSsI+c5H38=
github.com/jsightapi/datagram v0.0.0-20220518133429-389893b2d914 h1:KTR7IMQRFjObHteQQOnRUpBX9vfmdhTfgbTrDwgCqhs=
github.com/jsightapi/datagram v0.0.0-20220518133429-389893b2d914/go.mod h1:pBj2DBaAOdg5nWXc09jm6IUQnaE4iKMY1tvsx3RmchY=
github.com/jsightapi/jsight-api-go-library v0.3.1-0.20220518151514-b13543d9118c h1:AW7gWElsC4vTvtJt4a/F2Uql3N6k8HGQ4qwp5Qmn2/Q=
github.com/jsightapi/jsight-api-go-library v0.3.1-0.20220518151514-b13543d9118c/go.mod h1:LrLy9Y9Ndd7RSebzdVfJ0VDtnmPAHHs1op98R8XyF1E=
github.com/jsightapi/jsight-schema-go-library v0.3.1-0.20220518141303-90f81f34b796 h1:w7DcC0xJFlot4sCOs5im9PXXVPVmk+liAtp8J/f4Z1U=
github.com/jsightapi/jsight-schema-go-library v0.3.1-0.20220518141303-90f81f34b796/go.mod h1:OO00XD+yMOCPSWZy3EpsknpHKL9U67CeAuFwTThJk4w=
github.com/lucasjones/reggen v0.0.0-20200904144131-37ba4fa293bb h1:w1g9wNDIE/pHSTmAaUhv4TZQuPBS6GV3mMz5hkgziIU=
github.com/lucasjones/reggen v0.0.0-20200904144131-37ba4fa293bb/go.mod h1:5ELEyG+X8f+meRWHuqUOewBOhvHkl7M76pdGEansxW4=
github.com/pmezard/go-difflib v1.0.0 h1:4DBwDE0NGyQoBHbLQYPwSUPoCMWR5BEzIk/f1lZbAQM=
github.com/pmezard/go-difflib v1.0.0/go.mod h1:iKH77koFhYxTK1pcRnkKkqfTogsbg7gZNVY4sRDYZ/4=
github.com/stretchr/objx v0.1.0 h1:4G4v2dO3VZwixGIRoQ5Lfboy6nUhCyYzaqnIAPPhYs4=
github.com/stretchr/objx v0.1.0/go.mod h1:HFkY916IF+rwdDfMAkV7OtwuqBVzrE8GR6GFx+wExME=
github.com/stretchr/testify v1.7.0 h1:nwc3DEeHmmLAfoZucVR881uASk0Mfjw8xYJ99tb5CcY=
github.com/stretchr/testify v1.7.0/go.mod h1:6Fq8oRcR53rry900zMqJjRRixrwX3KX962/h/Wwjteg=
gopkg.in/check.v1 v0.0.0-20161208181325-20d25e280405 h1:yhCVgyC4o1eVCa2tZl7eS0r+SDo693bJlVdllGtEeKM=
gopkg.in/check.v1 v0.0.0-20161208181325-20d25e280405/go.mod h1:Co6ibVJAznAaIkqp8huTwlJQCZ016jof/cbN4VW5Yz0=
gopkg.in/yaml.v3 v3.0.0-20200313102051-9f266ea9e77c h1:dUUwHk2QECo/6vqA44rthZ8ie2QXMNeKRTHCNY2nXvo=
gopkg.in/yaml.v3 v3.0.0-20200313102051-9f266ea9e77c/go.mod h1:K4uyk7z7BCEPqu6E+C64Yfv1cQ7kz7rIZviUmN+EgEM=
