github.com/davecgh/go-spew v1.1.0/go.mod h1:J7Y8YcW2NihsgmVo/mv3lAwl/skON4iLHjSsI+c5H38=
github.com/davecgh/go-spew v1.1.1 h1:vj9j/u1bqnvCEfJOwUhtlOARqs3+rkHYY13jYWTU97c=
github.com/davecgh/go-spew v1.1.1/go.mod h1:J7Y8YcW2NihsgmVo/mv3lAwl/skON4iLHjSsI+c5H38=
github.com/jsightapi/datagram v0.0.0-20220623160954-98dd8ec27707 h1:DvpMxaeajafsBn3NVjcaloatbqupVaIdcV4y8KHunI8=
github.com/jsightapi/datagram v0.0.0-20220623160954-98dd8ec27707/go.mod h1:pBj2DBaAOdg5nWXc09jm6IUQnaE4iKMY1tvsx3RmchY=
github.com/jsightapi/jsight-api-core v0.1.2-0.20230517140214-f895ba8bfad8 h1:5NsDEn1T6DVvNDPTMlJ83mVXLYAkhgC5yc/Iw7gJ7tE=
github.com/jsightapi/jsight-api-core v0.1.2-0.20230517140214-f895ba8bfad8/go.mod h1:7KInx42QN1JhDpnQSTJ4LFEIk6Vuq8U4y17ncoZE5xQ=
github.com/jsightapi/jsight-api-core v0.1.2-0.20230520130248-c19e74ae348f h1:Y+5se3aa24qe+ZfTedZ7hwV87IBLjr78vWqNxMn4gQ0=
github.com/jsightapi/jsight-api-core v0.1.2-0.20230520130248-c19e74ae348f/go.mod h1:7KInx42QN1JhDpnQSTJ4LFEIk6Vuq8U4y17ncoZE5xQ=
github.com/jsightapi/jsight-schema-core v0.1.2-0.20230517092740-1dbc4fc1bfae h1:O9Zr7JTg+MCJer3LzfdptJoA4t3wkTunyL39cFCkIu4=
github.com/jsightapi/jsight-schema-core v0.1.2-0.20230517092740-1dbc4fc1bfae/go.mod h1:xa10zCMwh27lFUzVoA1ozjJ5lWPyTOWQTgB47l79I/k=
github.com/lucasjones/reggen v0.0.0-20200904144131-37ba4fa293bb h1:w1g9wNDIE/pHSTmAaUhv4TZQuPBS6GV3mMz5hkgziIU=
github.com/lucasjones/reggen v0.0.0-20200904144131-37ba4fa293bb/go.mod h1:5ELEyG+X8f+meRWHuqUOewBOhvHkl7M76pdGEansxW4=
github.com/pmezard/go-difflib v1.0.0 h1:4DBwDE0NGyQoBHbLQYPwSUPoCMWR5BEzIk/f1lZbAQM=
github.com/pmezard/go-difflib v1.0.0/go.mod h1:iKH77koFhYxTK1pcRnkKkqfTogsbg7gZNVY4sRDYZ/4=
github.com/stretchr/objx v0.1.0/go.mod h1:HFkY916IF+rwdDfMAkV7OtwuqBVzrE8GR6GFx+wExME=
github.com/stretchr/objx v0.4.0/go.mod h1:YvHI0jy2hoMjB+UWwv71VJQ9isScKT/TqJzVSSt89Yw=
github.com/stretchr/objx v0.5.0 h1:1zr/of2m5FGMsad5YfcqgdqdWrIhu+EBEJRhR1U7z/c=
github.com/stretchr/objx v0.5.0/go.mod h1:Yh+to48EsGEfYuaHDzXPcE3xhTkx73EhmCGUpEOglKo=
github.com/stretchr/testify v1.7.1/go.mod h1:6Fq8oRcR53rry900zMqJjRRixrwX3KX962/h/Wwjteg=
github.com/stretchr/testify v1.8.0/go.mod h1:yNjHg4UonilssWZ8iaSj1OCr/vHnekPRkoO+kdMU+MU=
github.com/stretchr/testify v1.8.1 h1:w7B6lhMri9wdJUVmEZPGGhZzrYTPvgJArz7wNPgYKsk=
github.com/stretchr/testify v1.8.1/go.mod h1:w2LPCIKwWwSfY2zedu0+kehJoqGctiVI29o6fzry7u4=
gopkg.in/check.v1 v0.0.0-20161208181325-20d25e280405 h1:yhCVgyC4o1eVCa2tZl7eS0r+SDo693bJlVdllGtEeKM=
gopkg.in/check.v1 v0.0.0-20161208181325-20d25e280405/go.mod h1:Co6ibVJAznAaIkqp8huTwlJQCZ016jof/cbN4VW5Yz0=
gopkg.in/yaml.v3 v3.0.0-20200313102051-9f266ea9e77c/go.mod h1:K4uyk7z7BCEPqu6E+C64Yfv1cQ7kz7rIZviUmN+EgEM=
gopkg.in/yaml.v3 v3.0.1 h1:fxVm/GzAzEWqLHuvctI91KS9hhNmmWOoWu0XTYJS7CA=
gopkg.in/yaml.v3 v3.0.1/go.mod h1:K4uyk7z7BCEPqu6E+C64Yfv1cQ7kz7rIZviUmN+EgEM=
